{
  "name": "payment-service-v3",
  "version": "3.0.0",
  "lockfileVersion": 3,
  "requires": true,
  "packages": {
    "": {
      "name": "payment-service-v3",
      "version": "3.0.0",
      "dependencies": {
        "payment-processor-sdk": "2.1.0"
      }
    },
    "node_modules/payment-processor-sdk": {
      "version": "2.1.0",
      "license": "MIT",
      "dependencies": {
        "copyleft-lib": "1.4.2"
      }
    },
    "node_modules/copyleft-lib": {
      "version": "1.4.2",
      "license": "AGPL-3.0"
    }
  }
}
